
Microsoft Visual Studio Solution File, Format Version 12.00
# Visual Studio Version 16
VisualStudioVersion = 16.0.33927.289
MinimumVisualStudioVersion = 10.0.40219.1
Project("{2150E333-8FDC-42A3-9474-1A3956D46DE8}") = "Task0", "Task0", "{D3A5742D-8FDB-4CAD-A94C-472CEA812AD4}"
EndProject
Project("{FAE04EC0-301F-11D3-BF4B-00C04F79EFBC}") = "Tyuiu.PimenovaTS.Sprint2.Task0.V21", "Tyuiu.PimenovaTS.Sprint2.Task0.V21\Tyuiu.PimenovaTS.Sprint2.Task0.V21.csproj", "{F9D1A06E-0595-4E8F-BE7A-DCB2F71D5EFF}"
EndProject
Project("{FAE04EC0-301F-11D3-BF4B-00C04F79EFBC}") = "Tyuiu.PimenovaTS.Sprint2.Task0.V21.Lib", "Tyuiu.PimenovaTS.Sprint2.Task0.V21.Lib\Tyuiu.PimenovaTS.Sprint2.Task0.V21.Lib.csproj", "{82ED6630-52C8-42C4-BDEA-3A2DC8B1904A}"
EndProject
Project("{FAE04EC0-301F-11D3-BF4B-00C04F79EFBC}") = "Tyuiu.PimenovaTS.Sprint2.Task0.V21.Test", "Tyuiu.PimenovaTS.Sprint2.Task0.V21.Test\Tyuiu.PimenovaTS.Sprint2.Task0.V21.Test.csproj", "{C922B9B8-2957-49B4-82B3-BF56CE02C5FA}"
EndProject
Project("{2150E333-8FDC-42A3-9474-1A3956D46DE8}") = "Task1", "Task1", "{C849C8DD-8E8C-4BEA-A2E3-33E3F8EFB0C2}"
EndProject
Project("{FAE04EC0-301F-11D3-BF4B-00C04F79EFBC}") = "Tyuiu.PimenovaTS.Sprint2.Task1.V28", "Tyuiu.PimenovaTS.Sprint2.Task1.V28\Tyuiu.PimenovaTS.Sprint2.Task1.V28.csproj", "{33F153E3-AB30-457B-9E6D-1E7482C190D8}"
EndProject
Project("{FAE04EC0-301F-11D3-BF4B-00C04F79EFBC}") = "Tyuiu.PimenovaTS.Sprint2.Task1.V28.Lib", "Tyuiu.PimenovaTS.Sprint2.Task1.V28.Lib\Tyuiu.PimenovaTS.Sprint2.Task1.V28.Lib.csproj", "{E8687410-D143-4395-992B-A0E292D81723}"
EndProject
Project("{FAE04EC0-301F-11D3-BF4B-00C04F79EFBC}") = "Tyuiu.PimenovaTS.Sprint2.Task1.V28.Test", "Tyuiu.PimenovaTS.Sprint2.Task1.V28.Test\Tyuiu.PimenovaTS.Sprint2.Task1.V28.Test.csproj", "{FC6EE2DB-20AF-403E-BCE9-F88E9BA583AA}"
EndProject
Project("{2150E333-8FDC-42A3-9474-1A3956D46DE8}") = "Task2", "Task2", "{86D4E5A4-7FCF-4952-8B0C-D7FA96B446CE}"
EndProject
Project("{FAE04EC0-301F-11D3-BF4B-00C04F79EFBC}") = "Tyuiu.PimenovaTS.Sprint2.Task2.V24", "Tyuiu.PimenovaTS.Sprint2.Task2.V24\Tyuiu.PimenovaTS.Sprint2.Task2.V24.csproj", "{F69018C9-CFEB-4F27-BB88-CC4EFC2FF902}"
EndProject
Project("{FAE04EC0-301F-11D3-BF4B-00C04F79EFBC}") = "Tyuiu.PimenovaTS.Sprint2.Task2.V24.Lib", "Tyuiu.PimenovaTS.Sprint2.Task2.V24.Lib\Tyuiu.PimenovaTS.Sprint2.Task2.V24.Lib.csproj", "{D0B2A132-6059-4A1D-A4CC-C860E9E5556F}"
EndProject
Project("{FAE04EC0-301F-11D3-BF4B-00C04F79EFBC}") = "Tyuiu.PimenovaTS.Sprint2.Task2.V24.Test", "Tyuiu.PimenovaTS.Sprint2.Task2.V24.Test\Tyuiu.PimenovaTS.Sprint2.Task2.V24.Test.csproj", "{B9573A78-BDFF-49DE-B1D9-B0BD4DB04660}"
EndProject
Global
	GlobalSection(SolutionConfigurationPlatforms) = preSolution
		Debug|Any CPU = Debug|Any CPU
		Release|Any CPU = Release|Any CPU
	EndGlobalSection
	GlobalSection(ProjectConfigurationPlatforms) = postSolution
		{F9D1A06E-0595-4E8F-BE7A-DCB2F71D5EFF}.Debug|Any CPU.ActiveCfg = Debug|Any CPU
		{F9D1A06E-0595-4E8F-BE7A-DCB2F71D5EFF}.Debug|Any CPU.Build.0 = Debug|Any CPU
		{F9D1A06E-0595-4E8F-BE7A-DCB2F71D5EFF}.Release|Any CPU.ActiveCfg = Release|Any CPU
		{F9D1A06E-0595-4E8F-BE7A-DCB2F71D5EFF}.Release|Any CPU.Build.0 = Release|Any CPU
		{82ED6630-52C8-42C4-BDEA-3A2DC8B1904A}.Debug|Any CPU.ActiveCfg = Debug|Any CPU
		{82ED6630-52C8-42C4-BDEA-3A2DC8B1904A}.Debug|Any CPU.Build.0 = Debug|Any CPU
		{82ED6630-52C8-42C4-BDEA-3A2DC8B1904A}.Release|Any CPU.ActiveCfg = Release|Any CPU
		{82ED6630-52C8-42C4-BDEA-3A2DC8B1904A}.Release|Any CPU.Build.0 = Release|Any CPU
		{C922B9B8-2957-49B4-82B3-BF56CE02C5FA}.Debug|Any CPU.ActiveCfg = Debug|Any CPU
		{C922B9B8-2957-49B4-82B3-BF56CE02C5FA}.Debug|Any CPU.Build.0 = Debug|Any CPU
		{C922B9B8-2957-49B4-82B3-BF56CE02C5FA}.Release|Any CPU.ActiveCfg = Release|Any CPU
		{C922B9B8-2957-49B4-82B3-BF56CE02C5FA}.Release|Any CPU.Build.0 = Release|Any CPU
		{33F153E3-AB30-457B-9E6D-1E7482C190D8}.Debug|Any CPU.ActiveCfg = Debug|Any CPU
		{33F153E3-AB30-457B-9E6D-1E7482C190D8}.Debug|Any CPU.Build.0 = Debug|Any CPU
		{33F153E3-AB30-457B-9E6D-1E7482C190D8}.Release|Any CPU.ActiveCfg = Release|Any CPU
		{33F153E3-AB30-457B-9E6D-1E7482C190D8}.Release|Any CPU.Build.0 = Release|Any CPU
		{E8687410-D143-4395-992B-A0E292D81723}.Debug|Any CPU.ActiveCfg = Debug|Any CPU
		{E8687410-D143-4395-992B-A0E292D81723}.Debug|Any CPU.Build.0 = Debug|Any CPU
		{E8687410-D143-4395-992B-A0E292D81723}.Release|Any CPU.ActiveCfg = Release|Any CPU
		{E8687410-D143-4395-992B-A0E292D81723}.Release|Any CPU.Build.0 = Release|Any CPU
		{FC6EE2DB-20AF-403E-BCE9-F88E9BA583AA}.Debug|Any CPU.ActiveCfg = Debug|Any CPU
		{FC6EE2DB-20AF-403E-BCE9-F88E9BA583AA}.Debug|Any CPU.Build.0 = Debug|Any CPU
		{FC6EE2DB-20AF-403E-BCE9-F88E9BA583AA}.Release|Any CPU.ActiveCfg = Release|Any CPU
		{FC6EE2DB-20AF-403E-BCE9-F88E9BA583AA}.Release|Any CPU.Build.0 = Release|Any CPU
		{F69018C9-CFEB-4F27-BB88-CC4EFC2FF902}.Debug|Any CPU.ActiveCfg = Debug|Any CPU
		{F69018C9-CFEB-4F27-BB88-CC4EFC2FF902}.Debug|Any CPU.Build.0 = Debug|Any CPU
		{F69018C9-CFEB-4F27-BB88-CC4EFC2FF902}.Release|Any CPU.ActiveCfg = Release|Any CPU
		{F69018C9-CFEB-4F27-BB88-CC4EFC2FF902}.Release|Any CPU.Build.0 = Release|Any CPU
		{D0B2A132-6059-4A1D-A4CC-C860E9E5556F}.Debug|Any CPU.ActiveCfg = Debug|Any CPU
		{D0B2A132-6059-4A1D-A4CC-C860E9E5556F}.Debug|Any CPU.Build.0 = Debug|Any CPU
		{D0B2A132-6059-4A1D-A4CC-C860E9E5556F}.Release|Any CPU.ActiveCfg = Release|Any CPU
		{D0B2A132-6059-4A1D-A4CC-C860E9E5556F}.Release|Any CPU.Build.0 = Release|Any CPU
		{B9573A78-BDFF-49DE-B1D9-B0BD4DB04660}.Debug|Any CPU.ActiveCfg = Debug|Any CPU
		{B9573A78-BDFF-49DE-B1D9-B0BD4DB04660}.Debug|Any CPU.Build.0 = Debug|Any CPU
		{B9573A78-BDFF-49DE-B1D9-B0BD4DB04660}.Release|Any CPU.ActiveCfg = Release|Any CPU
		{B9573A78-BDFF-49DE-B1D9-B0BD4DB04660}.Release|Any CPU.Build.0 = Release|Any CPU
	EndGlobalSection
	GlobalSection(SolutionProperties) = preSolution
		HideSolutionNode = FALSE
	EndGlobalSection
	GlobalSection(NestedProjects) = preSolution
		{F9D1A06E-0595-4E8F-BE7A-DCB2F71D5EFF} = {D3A5742D-8FDB-4CAD-A94C-472CEA812AD4}
		{82ED6630-52C8-42C4-BDEA-3A2DC8B1904A} = {D3A5742D-8FDB-4CAD-A94C-472CEA812AD4}
		{C922B9B8-2957-49B4-82B3-BF56CE02C5FA} = {D3A5742D-8FDB-4CAD-A94C-472CEA812AD4}
		{33F153E3-AB30-457B-9E6D-1E7482C190D8} = {C849C8DD-8E8C-4BEA-A2E3-33E3F8EFB0C2}
		{E8687410-D143-4395-992B-A0E292D81723} = {C849C8DD-8E8C-4BEA-A2E3-33E3F8EFB0C2}
		{FC6EE2DB-20AF-403E-BCE9-F88E9BA583AA} = {C849C8DD-8E8C-4BEA-A2E3-33E3F8EFB0C2}
		{F69018C9-CFEB-4F27-BB88-CC4EFC2FF902} = {86D4E5A4-7FCF-4952-8B0C-D7FA96B446CE}
		{D0B2A132-6059-4A1D-A4CC-C860E9E5556F} = {86D4E5A4-7FCF-4952-8B0C-D7FA96B446CE}
		{B9573A78-BDFF-49DE-B1D9-B0BD4DB04660} = {86D4E5A4-7FCF-4952-8B0C-D7FA96B446CE}
	EndGlobalSection
	GlobalSection(ExtensibilityGlobals) = postSolution
		SolutionGuid = {2F2DD1BA-643C-4D8A-8686-FD00C3367A8D}
	EndGlobalSection
EndGlobal
